
Microsoft Visual Studio Solution File, Format Version 12.00
# Visual Studio 15
VisualStudioVersion = 15.0.28010.2026
MinimumVisualStudioVersion = 10.0.40219.1
Project("{FAE04EC0-301F-11D3-BF4B-00C04F79EFBC}") = "AddMetadata", "AddMetadata\AddMetadata.csproj", "{115380C7-F403-424A-8D35-547C335BF533}"
EndProject
Global
	GlobalSection(SolutionConfigurationPlatforms) = preSolution
		Debug|Any CPU = Debug|Any CPU
		Release|Any CPU = Release|Any CPU
	EndGlobalSection
	GlobalSection(ProjectConfigurationPlatforms) = postSolution
		{115380C7-F403-424A-8D35-547C335BF533}.Debug|Any CPU.ActiveCfg = Debug|Any CPU
		{115380C7-F403-424A-8D35-547C335BF533}.Debug|Any CPU.Build.0 = Debug|Any CPU
		{115380C7-F403-424A-8D35-547C335BF533}.Release|Any CPU.ActiveCfg = Release|Any CPU
		{115380C7-F403-424A-8D35-547C335BF533}.Release|Any CPU.Build.0 = Release|Any CPU
	EndGlobalSection
	GlobalSection(SolutionProperties) = preSolution
		HideSolutionNode = FALSE
	EndGlobalSection
	GlobalSection(ExtensibilityGlobals) = postSolution
		SolutionGuid = {A339C03C-92E0-41AA-AA13-3951DB2CCA90}
	EndGlobalSection
EndGlobal
